
Microsoft Visual Studio Solution File, Format Version 12.00
# Visual Studio 15
VisualStudioVersion = 15.0.26730.16
MinimumVisualStudioVersion = 10.0.40219.1
Project("{2150E333-8FDC-42A3-9474-1A3956D46DE8}") = "Svc.PalmTree.Sso", "Svc.PalmTree.Sso", "{3B0F27D1-961F-4612-96DA-C4BA2D4C93C9}"
EndProject
Project("{9A19103F-16F7-4668-BE54-9A1E7A4F7556}") = "Palmtree.Api.Sso.Domain.Models", "Palmtree.Api.Sso.Domain.Models\Palmtree.Api.Sso.Domain.Models.csproj", "{E705ED43-E6F4-47BD-AD7D-F7433FDA1961}"
EndProject
Project("{9A19103F-16F7-4668-BE54-9A1E7A4F7556}") = "Palmtree.Api.Sso.Domain.Tests", "Palmtree.Api.Sso.Domain.Tests\Palmtree.Api.Sso.Domain.Tests.csproj", "{16FE3DA0-6C3D-42CD-9D3D-0554B2FBCF00}"
EndProject
Project("{9A19103F-16F7-4668-BE54-9A1E7A4F7556}") = "Palmtree.Api.Sso.Endpoint.Http", "Palmtree.Api.Sso.Endpoint.Http\Palmtree.Api.Sso.Endpoint.Http.csproj", "{FCEBE061-EA0F-4C29-BE11-52AE91C63F95}"
EndProject
Project("{9A19103F-16F7-4668-BE54-9A1E7A4F7556}") = "Soap.Pf.EndpointClients", "Soap.Endpoint.Clients\Soap.Pf.EndpointClients.csproj", "{63D24F25-443F-4160-8A36-D997729A2B60}"
EndProject
Project("{2150E333-8FDC-42A3-9474-1A3956D46DE8}") = "Solution Items", "Solution Items", "{C1A4DFD1-4FD0-473C-9B27-F7EEB6886CFD}"
	ProjectSection(SolutionItems) = preProject
		load-modules.ps1 = load-modules.ps1
		readme.md = readme.md
	EndProjectSection
EndProject
Project("{9A19103F-16F7-4668-BE54-9A1E7A4F7556}") = "Palmtree.Api.Sso.Endpoint.Tests", "Palmtree.Api.Sso.Endpoint.Tests\Palmtree.Api.Sso.Endpoint.Tests.csproj", "{6CE493FD-5086-4E5E-832D-9CCD9C18691A}"
EndProject
Project("{9A19103F-16F7-4668-BE54-9A1E7A4F7556}") = "Soap.Pf.HttpEndpointBase", "Soap.Endpoint.Http.Infrastructure\Soap.Pf.HttpEndpointBase.csproj", "{1021FDEE-0ECE-415D-B4AF-714DBB68BDEB}"
EndProject
Project("{9A19103F-16F7-4668-BE54-9A1E7A4F7556}") = "Soap.Pf.MsmqEndpointBase", "Soap.Endpoint.Msmq.Infrastructure\Soap.Pf.MsmqEndpointBase.csproj", "{15CD06D4-5E54-4FD6-8436-9C939BEBDCB2}"
EndProject
Project("{9A19103F-16F7-4668-BE54-9A1E7A4F7556}") = "Soap.Pf.EndpointInfrastructure", "Soap.Endpoint.Infrastructure\Soap.Pf.EndpointInfrastructure.csproj", "{BE6E588F-A801-4ED8-9DE9-D44C4A559F0C}"
EndProject
Project("{9A19103F-16F7-4668-BE54-9A1E7A4F7556}") = "Palmtree.Api.Sso.Endpoint.Msmq", "Palmtree.Api.Sso.Endpoint.Msmq\Palmtree.Api.Sso.Endpoint.Msmq.csproj", "{A26EC955-9AC6-4289-92F3-5726E3FEC93A}"
EndProject
Project("{2150E333-8FDC-42A3-9474-1A3956D46DE8}") = "Infrastructure", "Infrastructure", "{1876CD2C-FF33-46A8-9AD3-8A19CBDEF5CB}"
	ProjectSection(SolutionItems) = preProject
		Soap.If.Readme = Soap.If.Readme
	EndProjectSection
EndProject
Project("{9A19103F-16F7-4668-BE54-9A1E7A4F7556}") = "Soap.Pf.DomainTestsBase", "Soap.DomainTests.Infrastructure\Soap.Pf.DomainTestsBase.csproj", "{B1ED247D-AC57-4E18-B688-A762CBE3FBD1}"
EndProject
Project("{9A19103F-16F7-4668-BE54-9A1E7A4F7556}") = "Soap.Pf.EndpointTestsBase", "Soap.EndpointTests.Infrastructure\Soap.Pf.EndpointTestsBase.csproj", "{CFC3F5FE-90F1-4799-8A6B-5E788C73F506}"
EndProject
Project("{9A19103F-16F7-4668-BE54-9A1E7A4F7556}") = "Soap.Pf.ClientServerMessaging", "Soap.MessagesSharedWithClients\Soap.Pf.ClientServerMessaging.csproj", "{4166375E-EE3E-4473-9126-7BB0B28AC0D1}"
EndProject
Project("{9A19103F-16F7-4668-BE54-9A1E7A4F7556}") = "Soap.If.Interfaces", "Soap.Interfaces\Soap.If.Interfaces.csproj", "{2DC299E9-04A1-4911-AB92-9989E23C4D53}"
EndProject
Project("{9A19103F-16F7-4668-BE54-9A1E7A4F7556}") = "Soap.If.MessagePipeline", "Soap.MessagePipeline\Soap.If.MessagePipeline.csproj", "{8CCDE971-2027-4033-91D8-72A5ED9A789A}"
EndProject
Project("{9A19103F-16F7-4668-BE54-9A1E7A4F7556}") = "Soap.Tests", "Soap.Tests\Soap.Tests.csproj", "{CB23993A-B893-4883-A520-A770981C3FC6}"
EndProject
Project("{9A19103F-16F7-4668-BE54-9A1E7A4F7556}") = "Soap.If.Utility", "Soap.Utility\Soap.If.Utility.csproj", "{1B294BC5-AAA5-41ED-BC8A-8965A5A434FC}"
EndProject
Project("{2150E333-8FDC-42A3-9474-1A3956D46DE8}") = "Platform", "Platform", "{865DCEFC-8653-4674-9F03-611EDD30CAB5}"
EndProject
Project("{9A19103F-16F7-4668-BE54-9A1E7A4F7556}") = "Soap.Integrations.Mailgun", "Soap.ThirdPartyClients.Mailgun\Soap.Integrations.Mailgun.csproj", "{2D6584B2-4AEE-43A4-B018-5684555CBE3D}"
EndProject
Project("{9A19103F-16F7-4668-BE54-9A1E7A4F7556}") = "Palmtree.Api.Sso.Domain.Logic", "Palmtree.Api.Sso.Domain.Logic\Palmtree.Api.Sso.Domain.Logic.csproj", "{427569EA-995A-43B9-9B9D-F4480525B2CF}"
EndProject
Project("{2150E333-8FDC-42A3-9474-1A3956D46DE8}") = "Integrations", "Integrations", "{C31DA2D2-D541-49E5-8FB4-1A91EAC23435}"
EndProject
Project("{9A19103F-16F7-4668-BE54-9A1E7A4F7556}") = "Palmtree.Api.Sso.Domain.Messages", "Palmtree.Api.Sso.Domain.Messages\Palmtree.Api.Sso.Domain.Messages.csproj", "{47DA2D0D-22B6-42DC-AB16-75413122F7C9}"
EndProject
Global
	GlobalSection(SolutionConfigurationPlatforms) = preSolution
		Debug|Any CPU = Debug|Any CPU
		Debug|x64 = Debug|x64
		Debug|x86 = Debug|x86
		Release|Any CPU = Release|Any CPU
		Release|x64 = Release|x64
		Release|x86 = Release|x86
	EndGlobalSection
	GlobalSection(ProjectConfigurationPlatforms) = postSolution
		{E705ED43-E6F4-47BD-AD7D-F7433FDA1961}.Debug|Any CPU.ActiveCfg = Debug|Any CPU
		{E705ED43-E6F4-47BD-AD7D-F7433FDA1961}.Debug|Any CPU.Build.0 = Debug|Any CPU
		{E705ED43-E6F4-47BD-AD7D-F7433FDA1961}.Debug|x64.ActiveCfg = Debug|Any CPU
		{E705ED43-E6F4-47BD-AD7D-F7433FDA1961}.Debug|x64.Build.0 = Debug|Any CPU
		{E705ED43-E6F4-47BD-AD7D-F7433FDA1961}.Debug|x86.ActiveCfg = Debug|Any CPU
		{E705ED43-E6F4-47BD-AD7D-F7433FDA1961}.Debug|x86.Build.0 = Debug|Any CPU
		{E705ED43-E6F4-47BD-AD7D-F7433FDA1961}.Release|Any CPU.ActiveCfg = Release|Any CPU
		{E705ED43-E6F4-47BD-AD7D-F7433FDA1961}.Release|Any CPU.Build.0 = Release|Any CPU
		{E705ED43-E6F4-47BD-AD7D-F7433FDA1961}.Release|x64.ActiveCfg = Release|Any CPU
		{E705ED43-E6F4-47BD-AD7D-F7433FDA1961}.Release|x64.Build.0 = Release|Any CPU
		{E705ED43-E6F4-47BD-AD7D-F7433FDA1961}.Release|x86.ActiveCfg = Release|Any CPU
		{E705ED43-E6F4-47BD-AD7D-F7433FDA1961}.Release|x86.Build.0 = Release|Any CPU
		{16FE3DA0-6C3D-42CD-9D3D-0554B2FBCF00}.Debug|Any CPU.ActiveCfg = Debug|Any CPU
		{16FE3DA0-6C3D-42CD-9D3D-0554B2FBCF00}.Debug|Any CPU.Build.0 = Debug|Any CPU
		{16FE3DA0-6C3D-42CD-9D3D-0554B2FBCF00}.Debug|x64.ActiveCfg = Debug|Any CPU
		{16FE3DA0-6C3D-42CD-9D3D-0554B2FBCF00}.Debug|x64.Build.0 = Debug|Any CPU
		{16FE3DA0-6C3D-42CD-9D3D-0554B2FBCF00}.Debug|x86.ActiveCfg = Debug|Any CPU
		{16FE3DA0-6C3D-42CD-9D3D-0554B2FBCF00}.Debug|x86.Build.0 = Debug|Any CPU
		{16FE3DA0-6C3D-42CD-9D3D-0554B2FBCF00}.Release|Any CPU.ActiveCfg = Release|Any CPU
		{16FE3DA0-6C3D-42CD-9D3D-0554B2FBCF00}.Release|Any CPU.Build.0 = Release|Any CPU
		{16FE3DA0-6C3D-42CD-9D3D-0554B2FBCF00}.Release|x64.ActiveCfg = Release|Any CPU
		{16FE3DA0-6C3D-42CD-9D3D-0554B2FBCF00}.Release|x64.Build.0 = Release|Any CPU
		{16FE3DA0-6C3D-42CD-9D3D-0554B2FBCF00}.Release|x86.ActiveCfg = Release|Any CPU
		{16FE3DA0-6C3D-42CD-9D3D-0554B2FBCF00}.Release|x86.Build.0 = Release|Any CPU
		{FCEBE061-EA0F-4C29-BE11-52AE91C63F95}.Debug|Any CPU.ActiveCfg = Debug|Any CPU
		{FCEBE061-EA0F-4C29-BE11-52AE91C63F95}.Debug|Any CPU.Build.0 = Debug|Any CPU
		{FCEBE061-EA0F-4C29-BE11-52AE91C63F95}.Debug|x64.ActiveCfg = Debug|Any CPU
		{FCEBE061-EA0F-4C29-BE11-52AE91C63F95}.Debug|x64.Build.0 = Debug|Any CPU
		{FCEBE061-EA0F-4C29-BE11-52AE91C63F95}.Debug|x86.ActiveCfg = Debug|Any CPU
		{FCEBE061-EA0F-4C29-BE11-52AE91C63F95}.Debug|x86.Build.0 = Debug|Any CPU
		{FCEBE061-EA0F-4C29-BE11-52AE91C63F95}.Release|Any CPU.ActiveCfg = Release|Any CPU
		{FCEBE061-EA0F-4C29-BE11-52AE91C63F95}.Release|Any CPU.Build.0 = Release|Any CPU
		{FCEBE061-EA0F-4C29-BE11-52AE91C63F95}.Release|x64.ActiveCfg = Release|Any CPU
		{FCEBE061-EA0F-4C29-BE11-52AE91C63F95}.Release|x64.Build.0 = Release|Any CPU
		{FCEBE061-EA0F-4C29-BE11-52AE91C63F95}.Release|x86.ActiveCfg = Release|Any CPU
		{FCEBE061-EA0F-4C29-BE11-52AE91C63F95}.Release|x86.Build.0 = Release|Any CPU
		{63D24F25-443F-4160-8A36-D997729A2B60}.Debug|Any CPU.ActiveCfg = Debug|Any CPU
		{63D24F25-443F-4160-8A36-D997729A2B60}.Debug|Any CPU.Build.0 = Debug|Any CPU
		{63D24F25-443F-4160-8A36-D997729A2B60}.Debug|x64.ActiveCfg = Debug|Any CPU
		{63D24F25-443F-4160-8A36-D997729A2B60}.Debug|x64.Build.0 = Debug|Any CPU
		{63D24F25-443F-4160-8A36-D997729A2B60}.Debug|x86.ActiveCfg = Debug|Any CPU
		{63D24F25-443F-4160-8A36-D997729A2B60}.Debug|x86.Build.0 = Debug|Any CPU
		{63D24F25-443F-4160-8A36-D997729A2B60}.Release|Any CPU.ActiveCfg = Release|Any CPU
		{63D24F25-443F-4160-8A36-D997729A2B60}.Release|Any CPU.Build.0 = Release|Any CPU
		{63D24F25-443F-4160-8A36-D997729A2B60}.Release|x64.ActiveCfg = Release|Any CPU
		{63D24F25-443F-4160-8A36-D997729A2B60}.Release|x64.Build.0 = Release|Any CPU
		{63D24F25-443F-4160-8A36-D997729A2B60}.Release|x86.ActiveCfg = Release|Any CPU
		{63D24F25-443F-4160-8A36-D997729A2B60}.Release|x86.Build.0 = Release|Any CPU
		{6CE493FD-5086-4E5E-832D-9CCD9C18691A}.Debug|Any CPU.ActiveCfg = Debug|Any CPU
		{6CE493FD-5086-4E5E-832D-9CCD9C18691A}.Debug|Any CPU.Build.0 = Debug|Any CPU
		{6CE493FD-5086-4E5E-832D-9CCD9C18691A}.Debug|x64.ActiveCfg = Debug|Any CPU
		{6CE493FD-5086-4E5E-832D-9CCD9C18691A}.Debug|x64.Build.0 = Debug|Any CPU
		{6CE493FD-5086-4E5E-832D-9CCD9C18691A}.Debug|x86.ActiveCfg = Debug|Any CPU
		{6CE493FD-5086-4E5E-832D-9CCD9C18691A}.Debug|x86.Build.0 = Debug|Any CPU
		{6CE493FD-5086-4E5E-832D-9CCD9C18691A}.Release|Any CPU.ActiveCfg = Release|Any CPU
		{6CE493FD-5086-4E5E-832D-9CCD9C18691A}.Release|Any CPU.Build.0 = Release|Any CPU
		{6CE493FD-5086-4E5E-832D-9CCD9C18691A}.Release|x64.ActiveCfg = Release|Any CPU
		{6CE493FD-5086-4E5E-832D-9CCD9C18691A}.Release|x64.Build.0 = Release|Any CPU
		{6CE493FD-5086-4E5E-832D-9CCD9C18691A}.Release|x86.ActiveCfg = Release|Any CPU
		{6CE493FD-5086-4E5E-832D-9CCD9C18691A}.Release|x86.Build.0 = Release|Any CPU
		{1021FDEE-0ECE-415D-B4AF-714DBB68BDEB}.Debug|Any CPU.ActiveCfg = Debug|Any CPU
		{1021FDEE-0ECE-415D-B4AF-714DBB68BDEB}.Debug|Any CPU.Build.0 = Debug|Any CPU
		{1021FDEE-0ECE-415D-B4AF-714DBB68BDEB}.Debug|x64.ActiveCfg = Debug|Any CPU
		{1021FDEE-0ECE-415D-B4AF-714DBB68BDEB}.Debug|x64.Build.0 = Debug|Any CPU
		{1021FDEE-0ECE-415D-B4AF-714DBB68BDEB}.Debug|x86.ActiveCfg = Debug|Any CPU
		{1021FDEE-0ECE-415D-B4AF-714DBB68BDEB}.Debug|x86.Build.0 = Debug|Any CPU
		{1021FDEE-0ECE-415D-B4AF-714DBB68BDEB}.Release|Any CPU.ActiveCfg = Release|Any CPU
		{1021FDEE-0ECE-415D-B4AF-714DBB68BDEB}.Release|Any CPU.Build.0 = Release|Any CPU
		{1021FDEE-0ECE-415D-B4AF-714DBB68BDEB}.Release|x64.ActiveCfg = Release|Any CPU
		{1021FDEE-0ECE-415D-B4AF-714DBB68BDEB}.Release|x64.Build.0 = Release|Any CPU
		{1021FDEE-0ECE-415D-B4AF-714DBB68BDEB}.Release|x86.ActiveCfg = Release|Any CPU
		{1021FDEE-0ECE-415D-B4AF-714DBB68BDEB}.Release|x86.Build.0 = Release|Any CPU
		{15CD06D4-5E54-4FD6-8436-9C939BEBDCB2}.Debug|Any CPU.ActiveCfg = Debug|Any CPU
		{15CD06D4-5E54-4FD6-8436-9C939BEBDCB2}.Debug|Any CPU.Build.0 = Debug|Any CPU
		{15CD06D4-5E54-4FD6-8436-9C939BEBDCB2}.Debug|x64.ActiveCfg = Debug|Any CPU
		{15CD06D4-5E54-4FD6-8436-9C939BEBDCB2}.Debug|x64.Build.0 = Debug|Any CPU
		{15CD06D4-5E54-4FD6-8436-9C939BEBDCB2}.Debug|x86.ActiveCfg = Debug|Any CPU
		{15CD06D4-5E54-4FD6-8436-9C939BEBDCB2}.Debug|x86.Build.0 = Debug|Any CPU
		{15CD06D4-5E54-4FD6-8436-9C939BEBDCB2}.Release|Any CPU.ActiveCfg = Release|Any CPU
		{15CD06D4-5E54-4FD6-8436-9C939BEBDCB2}.Release|Any CPU.Build.0 = Release|Any CPU
		{15CD06D4-5E54-4FD6-8436-9C939BEBDCB2}.Release|x64.ActiveCfg = Release|Any CPU
		{15CD06D4-5E54-4FD6-8436-9C939BEBDCB2}.Release|x64.Build.0 = Release|Any CPU
		{15CD06D4-5E54-4FD6-8436-9C939BEBDCB2}.Release|x86.ActiveCfg = Release|Any CPU
		{15CD06D4-5E54-4FD6-8436-9C939BEBDCB2}.Release|x86.Build.0 = Release|Any CPU
		{BE6E588F-A801-4ED8-9DE9-D44C4A559F0C}.Debug|Any CPU.ActiveCfg = Debug|Any CPU
		{BE6E588F-A801-4ED8-9DE9-D44C4A559F0C}.Debug|Any CPU.Build.0 = Debug|Any CPU
		{BE6E588F-A801-4ED8-9DE9-D44C4A559F0C}.Debug|x64.ActiveCfg = Debug|Any CPU
		{BE6E588F-A801-4ED8-9DE9-D44C4A559F0C}.Debug|x64.Build.0 = Debug|Any CPU
		{BE6E588F-A801-4ED8-9DE9-D44C4A559F0C}.Debug|x86.ActiveCfg = Debug|Any CPU
		{BE6E588F-A801-4ED8-9DE9-D44C4A559F0C}.Debug|x86.Build.0 = Debug|Any CPU
		{BE6E588F-A801-4ED8-9DE9-D44C4A559F0C}.Release|Any CPU.ActiveCfg = Release|Any CPU
		{BE6E588F-A801-4ED8-9DE9-D44C4A559F0C}.Release|Any CPU.Build.0 = Release|Any CPU
		{BE6E588F-A801-4ED8-9DE9-D44C4A559F0C}.Release|x64.ActiveCfg = Release|Any CPU
		{BE6E588F-A801-4ED8-9DE9-D44C4A559F0C}.Release|x64.Build.0 = Release|Any CPU
		{BE6E588F-A801-4ED8-9DE9-D44C4A559F0C}.Release|x86.ActiveCfg = Release|Any CPU
		{BE6E588F-A801-4ED8-9DE9-D44C4A559F0C}.Release|x86.Build.0 = Release|Any CPU
		{A26EC955-9AC6-4289-92F3-5726E3FEC93A}.Debug|Any CPU.ActiveCfg = Debug|Any CPU
		{A26EC955-9AC6-4289-92F3-5726E3FEC93A}.Debug|Any CPU.Build.0 = Debug|Any CPU
		{A26EC955-9AC6-4289-92F3-5726E3FEC93A}.Debug|x64.ActiveCfg = Debug|Any CPU
		{A26EC955-9AC6-4289-92F3-5726E3FEC93A}.Debug|x64.Build.0 = Debug|Any CPU
		{A26EC955-9AC6-4289-92F3-5726E3FEC93A}.Debug|x86.ActiveCfg = Debug|Any CPU
		{A26EC955-9AC6-4289-92F3-5726E3FEC93A}.Debug|x86.Build.0 = Debug|Any CPU
		{A26EC955-9AC6-4289-92F3-5726E3FEC93A}.Release|Any CPU.ActiveCfg = Release|Any CPU
		{A26EC955-9AC6-4289-92F3-5726E3FEC93A}.Release|Any CPU.Build.0 = Release|Any CPU
		{A26EC955-9AC6-4289-92F3-5726E3FEC93A}.Release|x64.ActiveCfg = Release|Any CPU
		{A26EC955-9AC6-4289-92F3-5726E3FEC93A}.Release|x64.Build.0 = Release|Any CPU
		{A26EC955-9AC6-4289-92F3-5726E3FEC93A}.Release|x86.ActiveCfg = Release|Any CPU
		{A26EC955-9AC6-4289-92F3-5726E3FEC93A}.Release|x86.Build.0 = Release|Any CPU
		{B1ED247D-AC57-4E18-B688-A762CBE3FBD1}.Debug|Any CPU.ActiveCfg = Debug|Any CPU
		{B1ED247D-AC57-4E18-B688-A762CBE3FBD1}.Debug|Any CPU.Build.0 = Debug|Any CPU
		{B1ED247D-AC57-4E18-B688-A762CBE3FBD1}.Debug|x64.ActiveCfg = Debug|Any CPU
		{B1ED247D-AC57-4E18-B688-A762CBE3FBD1}.Debug|x64.Build.0 = Debug|Any CPU
		{B1ED247D-AC57-4E18-B688-A762CBE3FBD1}.Debug|x86.ActiveCfg = Debug|Any CPU
		{B1ED247D-AC57-4E18-B688-A762CBE3FBD1}.Debug|x86.Build.0 = Debug|Any CPU
		{B1ED247D-AC57-4E18-B688-A762CBE3FBD1}.Release|Any CPU.ActiveCfg = Release|Any CPU
		{B1ED247D-AC57-4E18-B688-A762CBE3FBD1}.Release|Any CPU.Build.0 = Release|Any CPU
		{B1ED247D-AC57-4E18-B688-A762CBE3FBD1}.Release|x64.ActiveCfg = Release|Any CPU
		{B1ED247D-AC57-4E18-B688-A762CBE3FBD1}.Release|x64.Build.0 = Release|Any CPU
		{B1ED247D-AC57-4E18-B688-A762CBE3FBD1}.Release|x86.ActiveCfg = Release|Any CPU
		{B1ED247D-AC57-4E18-B688-A762CBE3FBD1}.Release|x86.Build.0 = Release|Any CPU
		{CFC3F5FE-90F1-4799-8A6B-5E788C73F506}.Debug|Any CPU.ActiveCfg = Debug|Any CPU
		{CFC3F5FE-90F1-4799-8A6B-5E788C73F506}.Debug|Any CPU.Build.0 = Debug|Any CPU
		{CFC3F5FE-90F1-4799-8A6B-5E788C73F506}.Debug|x64.ActiveCfg = Debug|Any CPU
		{CFC3F5FE-90F1-4799-8A6B-5E788C73F506}.Debug|x64.Build.0 = Debug|Any CPU
		{CFC3F5FE-90F1-4799-8A6B-5E788C73F506}.Debug|x86.ActiveCfg = Debug|Any CPU
		{CFC3F5FE-90F1-4799-8A6B-5E788C73F506}.Debug|x86.Build.0 = Debug|Any CPU
		{CFC3F5FE-90F1-4799-8A6B-5E788C73F506}.Release|Any CPU.ActiveCfg = Release|Any CPU
		{CFC3F5FE-90F1-4799-8A6B-5E788C73F506}.Release|Any CPU.Build.0 = Release|Any CPU
		{CFC3F5FE-90F1-4799-8A6B-5E788C73F506}.Release|x64.ActiveCfg = Release|Any CPU
		{CFC3F5FE-90F1-4799-8A6B-5E788C73F506}.Release|x64.Build.0 = Release|Any CPU
		{CFC3F5FE-90F1-4799-8A6B-5E788C73F506}.Release|x86.ActiveCfg = Release|Any CPU
		{CFC3F5FE-90F1-4799-8A6B-5E788C73F506}.Release|x86.Build.0 = Release|Any CPU
		{4166375E-EE3E-4473-9126-7BB0B28AC0D1}.Debug|Any CPU.ActiveCfg = Debug|Any CPU
		{4166375E-EE3E-4473-9126-7BB0B28AC0D1}.Debug|Any CPU.Build.0 = Debug|Any CPU
		{4166375E-EE3E-4473-9126-7BB0B28AC0D1}.Debug|x64.ActiveCfg = Debug|Any CPU
		{4166375E-EE3E-4473-9126-7BB0B28AC0D1}.Debug|x64.Build.0 = Debug|Any CPU
		{4166375E-EE3E-4473-9126-7BB0B28AC0D1}.Debug|x86.ActiveCfg = Debug|Any CPU
		{4166375E-EE3E-4473-9126-7BB0B28AC0D1}.Debug|x86.Build.0 = Debug|Any CPU
		{4166375E-EE3E-4473-9126-7BB0B28AC0D1}.Release|Any CPU.ActiveCfg = Release|Any CPU
		{4166375E-EE3E-4473-9126-7BB0B28AC0D1}.Release|Any CPU.Build.0 = Release|Any CPU
		{4166375E-EE3E-4473-9126-7BB0B28AC0D1}.Release|x64.ActiveCfg = Release|Any CPU
		{4166375E-EE3E-4473-9126-7BB0B28AC0D1}.Release|x64.Build.0 = Release|Any CPU
		{4166375E-EE3E-4473-9126-7BB0B28AC0D1}.Release|x86.ActiveCfg = Release|Any CPU
		{4166375E-EE3E-4473-9126-7BB0B28AC0D1}.Release|x86.Build.0 = Release|Any CPU
		{2DC299E9-04A1-4911-AB92-9989E23C4D53}.Debug|Any CPU.ActiveCfg = Debug|Any CPU
		{2DC299E9-04A1-4911-AB92-9989E23C4D53}.Debug|Any CPU.Build.0 = Debug|Any CPU
		{2DC299E9-04A1-4911-AB92-9989E23C4D53}.Debug|x64.ActiveCfg = Debug|Any CPU
		{2DC299E9-04A1-4911-AB92-9989E23C4D53}.Debug|x64.Build.0 = Debug|Any CPU
		{2DC299E9-04A1-4911-AB92-9989E23C4D53}.Debug|x86.ActiveCfg = Debug|Any CPU
		{2DC299E9-04A1-4911-AB92-9989E23C4D53}.Debug|x86.Build.0 = Debug|Any CPU
		{2DC299E9-04A1-4911-AB92-9989E23C4D53}.Release|Any CPU.ActiveCfg = Release|Any CPU
		{2DC299E9-04A1-4911-AB92-9989E23C4D53}.Release|Any CPU.Build.0 = Release|Any CPU
		{2DC299E9-04A1-4911-AB92-9989E23C4D53}.Release|x64.ActiveCfg = Release|Any CPU
		{2DC299E9-04A1-4911-AB92-9989E23C4D53}.Release|x64.Build.0 = Release|Any CPU
		{2DC299E9-04A1-4911-AB92-9989E23C4D53}.Release|x86.ActiveCfg = Release|Any CPU
		{2DC299E9-04A1-4911-AB92-9989E23C4D53}.Release|x86.Build.0 = Release|Any CPU
		{8CCDE971-2027-4033-91D8-72A5ED9A789A}.Debug|Any CPU.ActiveCfg = Debug|Any CPU
		{8CCDE971-2027-4033-91D8-72A5ED9A789A}.Debug|Any CPU.Build.0 = Debug|Any CPU
		{8CCDE971-2027-4033-91D8-72A5ED9A789A}.Debug|x64.ActiveCfg = Debug|Any CPU
		{8CCDE971-2027-4033-91D8-72A5ED9A789A}.Debug|x64.Build.0 = Debug|Any CPU
		{8CCDE971-2027-4033-91D8-72A5ED9A789A}.Debug|x86.ActiveCfg = Debug|Any CPU
		{8CCDE971-2027-4033-91D8-72A5ED9A789A}.Debug|x86.Build.0 = Debug|Any CPU
		{8CCDE971-2027-4033-91D8-72A5ED9A789A}.Release|Any CPU.ActiveCfg = Release|Any CPU
		{8CCDE971-2027-4033-91D8-72A5ED9A789A}.Release|Any CPU.Build.0 = Release|Any CPU
		{8CCDE971-2027-4033-91D8-72A5ED9A789A}.Release|x64.ActiveCfg = Release|Any CPU
		{8CCDE971-2027-4033-91D8-72A5ED9A789A}.Release|x64.Build.0 = Release|Any CPU
		{8CCDE971-2027-4033-91D8-72A5ED9A789A}.Release|x86.ActiveCfg = Release|Any CPU
		{8CCDE971-2027-4033-91D8-72A5ED9A789A}.Release|x86.Build.0 = Release|Any CPU
		{CB23993A-B893-4883-A520-A770981C3FC6}.Debug|Any CPU.ActiveCfg = Debug|Any CPU
		{CB23993A-B893-4883-A520-A770981C3FC6}.Debug|Any CPU.Build.0 = Debug|Any CPU
		{CB23993A-B893-4883-A520-A770981C3FC6}.Debug|x64.ActiveCfg = Debug|Any CPU
		{CB23993A-B893-4883-A520-A770981C3FC6}.Debug|x64.Build.0 = Debug|Any CPU
		{CB23993A-B893-4883-A520-A770981C3FC6}.Debug|x86.ActiveCfg = Debug|Any CPU
		{CB23993A-B893-4883-A520-A770981C3FC6}.Debug|x86.Build.0 = Debug|Any CPU
		{CB23993A-B893-4883-A520-A770981C3FC6}.Release|Any CPU.ActiveCfg = Release|Any CPU
		{CB23993A-B893-4883-A520-A770981C3FC6}.Release|Any CPU.Build.0 = Release|Any CPU
		{CB23993A-B893-4883-A520-A770981C3FC6}.Release|x64.ActiveCfg = Release|Any CPU
		{CB23993A-B893-4883-A520-A770981C3FC6}.Release|x64.Build.0 = Release|Any CPU
		{CB23993A-B893-4883-A520-A770981C3FC6}.Release|x86.ActiveCfg = Release|Any CPU
		{CB23993A-B893-4883-A520-A770981C3FC6}.Release|x86.Build.0 = Release|Any CPU
		{1B294BC5-AAA5-41ED-BC8A-8965A5A434FC}.Debug|Any CPU.ActiveCfg = Debug|Any CPU
		{1B294BC5-AAA5-41ED-BC8A-8965A5A434FC}.Debug|Any CPU.Build.0 = Debug|Any CPU
		{1B294BC5-AAA5-41ED-BC8A-8965A5A434FC}.Debug|x64.ActiveCfg = Debug|Any CPU
		{1B294BC5-AAA5-41ED-BC8A-8965A5A434FC}.Debug|x64.Build.0 = Debug|Any CPU
		{1B294BC5-AAA5-41ED-BC8A-8965A5A434FC}.Debug|x86.ActiveCfg = Debug|Any CPU
		{1B294BC5-AAA5-41ED-BC8A-8965A5A434FC}.Debug|x86.Build.0 = Debug|Any CPU
		{1B294BC5-AAA5-41ED-BC8A-8965A5A434FC}.Release|Any CPU.ActiveCfg = Release|Any CPU
		{1B294BC5-AAA5-41ED-BC8A-8965A5A434FC}.Release|Any CPU.Build.0 = Release|Any CPU
		{1B294BC5-AAA5-41ED-BC8A-8965A5A434FC}.Release|x64.ActiveCfg = Release|Any CPU
		{1B294BC5-AAA5-41ED-BC8A-8965A5A434FC}.Release|x64.Build.0 = Release|Any CPU
		{1B294BC5-AAA5-41ED-BC8A-8965A5A434FC}.Release|x86.ActiveCfg = Release|Any CPU
		{1B294BC5-AAA5-41ED-BC8A-8965A5A434FC}.Release|x86.Build.0 = Release|Any CPU
		{2D6584B2-4AEE-43A4-B018-5684555CBE3D}.Debug|Any CPU.ActiveCfg = Debug|Any CPU
		{2D6584B2-4AEE-43A4-B018-5684555CBE3D}.Debug|Any CPU.Build.0 = Debug|Any CPU
		{2D6584B2-4AEE-43A4-B018-5684555CBE3D}.Debug|x64.ActiveCfg = Debug|Any CPU
		{2D6584B2-4AEE-43A4-B018-5684555CBE3D}.Debug|x64.Build.0 = Debug|Any CPU
		{2D6584B2-4AEE-43A4-B018-5684555CBE3D}.Debug|x86.ActiveCfg = Debug|Any CPU
		{2D6584B2-4AEE-43A4-B018-5684555CBE3D}.Debug|x86.Build.0 = Debug|Any CPU
		{2D6584B2-4AEE-43A4-B018-5684555CBE3D}.Release|Any CPU.ActiveCfg = Release|Any CPU
		{2D6584B2-4AEE-43A4-B018-5684555CBE3D}.Release|Any CPU.Build.0 = Release|Any CPU
		{2D6584B2-4AEE-43A4-B018-5684555CBE3D}.Release|x64.ActiveCfg = Release|Any CPU
		{2D6584B2-4AEE-43A4-B018-5684555CBE3D}.Release|x64.Build.0 = Release|Any CPU
		{2D6584B2-4AEE-43A4-B018-5684555CBE3D}.Release|x86.ActiveCfg = Release|Any CPU
		{2D6584B2-4AEE-43A4-B018-5684555CBE3D}.Release|x86.Build.0 = Release|Any CPU
		{427569EA-995A-43B9-9B9D-F4480525B2CF}.Debug|Any CPU.ActiveCfg = Debug|Any CPU
		{427569EA-995A-43B9-9B9D-F4480525B2CF}.Debug|Any CPU.Build.0 = Debug|Any CPU
		{427569EA-995A-43B9-9B9D-F4480525B2CF}.Debug|x64.ActiveCfg = Debug|Any CPU
		{427569EA-995A-43B9-9B9D-F4480525B2CF}.Debug|x64.Build.0 = Debug|Any CPU
		{427569EA-995A-43B9-9B9D-F4480525B2CF}.Debug|x86.ActiveCfg = Debug|Any CPU
		{427569EA-995A-43B9-9B9D-F4480525B2CF}.Debug|x86.Build.0 = Debug|Any CPU
		{427569EA-995A-43B9-9B9D-F4480525B2CF}.Release|Any CPU.ActiveCfg = Release|Any CPU
		{427569EA-995A-43B9-9B9D-F4480525B2CF}.Release|Any CPU.Build.0 = Release|Any CPU
		{427569EA-995A-43B9-9B9D-F4480525B2CF}.Release|x64.ActiveCfg = Release|Any CPU
		{427569EA-995A-43B9-9B9D-F4480525B2CF}.Release|x64.Build.0 = Release|Any CPU
		{427569EA-995A-43B9-9B9D-F4480525B2CF}.Release|x86.ActiveCfg = Release|Any CPU
		{427569EA-995A-43B9-9B9D-F4480525B2CF}.Release|x86.Build.0 = Release|Any CPU
		{47DA2D0D-22B6-42DC-AB16-75413122F7C9}.Debug|Any CPU.ActiveCfg = Debug|Any CPU
		{47DA2D0D-22B6-42DC-AB16-75413122F7C9}.Debug|Any CPU.Build.0 = Debug|Any CPU
		{47DA2D0D-22B6-42DC-AB16-75413122F7C9}.Debug|x64.ActiveCfg = Debug|Any CPU
		{47DA2D0D-22B6-42DC-AB16-75413122F7C9}.Debug|x64.Build.0 = Debug|Any CPU
		{47DA2D0D-22B6-42DC-AB16-75413122F7C9}.Debug|x86.ActiveCfg = Debug|Any CPU
		{47DA2D0D-22B6-42DC-AB16-75413122F7C9}.Debug|x86.Build.0 = Debug|Any CPU
		{47DA2D0D-22B6-42DC-AB16-75413122F7C9}.Release|Any CPU.ActiveCfg = Release|Any CPU
		{47DA2D0D-22B6-42DC-AB16-75413122F7C9}.Release|Any CPU.Build.0 = Release|Any CPU
		{47DA2D0D-22B6-42DC-AB16-75413122F7C9}.Release|x64.ActiveCfg = Release|Any CPU
		{47DA2D0D-22B6-42DC-AB16-75413122F7C9}.Release|x64.Build.0 = Release|Any CPU
		{47DA2D0D-22B6-42DC-AB16-75413122F7C9}.Release|x86.ActiveCfg = Release|Any CPU
		{47DA2D0D-22B6-42DC-AB16-75413122F7C9}.Release|x86.Build.0 = Release|Any CPU
	EndGlobalSection
	GlobalSection(SolutionProperties) = preSolution
		HideSolutionNode = FALSE
	EndGlobalSection
	GlobalSection(NestedProjects) = preSolution
		{E705ED43-E6F4-47BD-AD7D-F7433FDA1961} = {3B0F27D1-961F-4612-96DA-C4BA2D4C93C9}
		{16FE3DA0-6C3D-42CD-9D3D-0554B2FBCF00} = {3B0F27D1-961F-4612-96DA-C4BA2D4C93C9}
		{FCEBE061-EA0F-4C29-BE11-52AE91C63F95} = {3B0F27D1-961F-4612-96DA-C4BA2D4C93C9}
		{63D24F25-443F-4160-8A36-D997729A2B60} = {865DCEFC-8653-4674-9F03-611EDD30CAB5}
		{6CE493FD-5086-4E5E-832D-9CCD9C18691A} = {3B0F27D1-961F-4612-96DA-C4BA2D4C93C9}
		{1021FDEE-0ECE-415D-B4AF-714DBB68BDEB} = {865DCEFC-8653-4674-9F03-611EDD30CAB5}
		{15CD06D4-5E54-4FD6-8436-9C939BEBDCB2} = {865DCEFC-8653-4674-9F03-611EDD30CAB5}
		{BE6E588F-A801-4ED8-9DE9-D44C4A559F0C} = {865DCEFC-8653-4674-9F03-611EDD30CAB5}
		{A26EC955-9AC6-4289-92F3-5726E3FEC93A} = {3B0F27D1-961F-4612-96DA-C4BA2D4C93C9}
		{B1ED247D-AC57-4E18-B688-A762CBE3FBD1} = {865DCEFC-8653-4674-9F03-611EDD30CAB5}
		{CFC3F5FE-90F1-4799-8A6B-5E788C73F506} = {865DCEFC-8653-4674-9F03-611EDD30CAB5}
		{4166375E-EE3E-4473-9126-7BB0B28AC0D1} = {865DCEFC-8653-4674-9F03-611EDD30CAB5}
		{2DC299E9-04A1-4911-AB92-9989E23C4D53} = {1876CD2C-FF33-46A8-9AD3-8A19CBDEF5CB}
		{8CCDE971-2027-4033-91D8-72A5ED9A789A} = {1876CD2C-FF33-46A8-9AD3-8A19CBDEF5CB}
		{1B294BC5-AAA5-41ED-BC8A-8965A5A434FC} = {1876CD2C-FF33-46A8-9AD3-8A19CBDEF5CB}
		{2D6584B2-4AEE-43A4-B018-5684555CBE3D} = {C31DA2D2-D541-49E5-8FB4-1A91EAC23435}
		{427569EA-995A-43B9-9B9D-F4480525B2CF} = {3B0F27D1-961F-4612-96DA-C4BA2D4C93C9}
		{47DA2D0D-22B6-42DC-AB16-75413122F7C9} = {3B0F27D1-961F-4612-96DA-C4BA2D4C93C9}
	EndGlobalSection
	GlobalSection(ExtensibilityGlobals) = postSolution
		SolutionGuid = {2E270405-DA3C-4A1A-826A-F993DF136CAA}
	EndGlobalSection
EndGlobal
