
Microsoft Visual Studio Solution File, Format Version 12.00
# Visual Studio Version 16
VisualStudioVersion = 16.0.28729.10
MinimumVisualStudioVersion = 10.0.40219.1
Project("{2150E333-8FDC-42A3-9474-1A3956D46DE8}") = "Solution Items", "Solution Items", "{C1A4DFD1-4FD0-473C-9B27-F7EEB6886CFD}"
	ProjectSection(SolutionItems) = preProject
		create-new-service.ps1 = create-new-service.ps1
		pwsh-bootstrap.ps1 = pwsh-bootstrap.ps1
		HttpApiClient.cs = HttpApiClient.cs
		..\azure-pipelines.yml = ..\azure-pipelines.yml
		README.txt = README.txt
	EndProjectSection
EndProject
Project("{2150E333-8FDC-42A3-9474-1A3956D46DE8}") = "Soap.Infrastructure", "Soap.Infrastructure", "{1876CD2C-FF33-46A8-9AD3-8A19CBDEF5CB}"
EndProject
Project("{9A19103F-16F7-4668-BE54-9A1E7A4F7556}") = "Soap.Interfaces", "Soap.Interfaces\Soap.Interfaces.csproj", "{2DC299E9-04A1-4911-AB92-9989E23C4D53}"
EndProject
Project("{9A19103F-16F7-4668-BE54-9A1E7A4F7556}") = "Soap.Utility", "Soap.Utility\Soap.Utility.csproj", "{1B294BC5-AAA5-41ED-BC8A-8965A5A434FC}"
EndProject
Project("{2150E333-8FDC-42A3-9474-1A3956D46DE8}") = "Soap.Api.Sample", "Soap.Api.Sample", "{77043A66-EA76-40E2-8AD2-0ABD2A1AC592}"
EndProject
Project("{9A19103F-16F7-4668-BE54-9A1E7A4F7556}") = "Sample.Constants", "Soap.Api.Sample\Soap.Api.Sample.Constants\Soap.Api.Sample.Constants.csproj", "{054930E0-F043-4FCB-8020-1F17EA3C241B}"
EndProject
Project("{9A19103F-16F7-4668-BE54-9A1E7A4F7556}") = "Sample.Logic", "Soap.Api.Sample\Soap.Api.Sample.Logic\Soap.Api.Sample.Logic.csproj", "{5099627C-E995-4903-8826-265A29E1D253}"
EndProject
Project("{9A19103F-16F7-4668-BE54-9A1E7A4F7556}") = "Sample.Messages", "Soap.Api.Sample\Soap.Api.Sample.Messages\Soap.Api.Sample.Messages.csproj", "{89721C02-0F77-4133-A3CB-6EA8D220056E}"
EndProject
Project("{9A19103F-16F7-4668-BE54-9A1E7A4F7556}") = "Sample.Models", "Soap.Api.Sample\Soap.Api.Sample.Models\Soap.Api.Sample.Models.csproj", "{BD1D7956-A752-4B4B-A74D-E8F7B78E1C53}"
EndProject
Project("{9A19103F-16F7-4668-BE54-9A1E7A4F7556}") = "Sample.Tests", "Soap.Api.Sample\Soap.Api.Sample.Tests\Soap.Api.Sample.Tests.csproj", "{D6CF805D-1510-4763-8B87-45E399FD13A0}"
EndProject
Project("{9A19103F-16F7-4668-BE54-9A1E7A4F7556}") = "Soap.PfBase.Logic", "Soap.PfBase.Logic\Soap.PfBase.Logic.csproj", "{4DCEE9CB-43E1-4721-9CB3-74B8F7917C39}"
EndProject
Project("{9A19103F-16F7-4668-BE54-9A1E7A4F7556}") = "Soap.MessagePipeline", "Soap.MessagePipeline\Soap.MessagePipeline.csproj", "{48E8BA9D-DD22-4FB1-B894-0D5D32A2FBB9}"
EndProject
Project("{9A19103F-16F7-4668-BE54-9A1E7A4F7556}") = "Soap.PfBase.Messages", "Soap.PfBase.Messages\Soap.PfBase.Messages.csproj", "{FDA9799C-D830-4A77-9835-4F81F31943F4}"
EndProject
Project("{9A19103F-16F7-4668-BE54-9A1E7A4F7556}") = "Soap.Bus", "Soap.Bus\Soap.Bus.csproj", "{B35F3016-E4CE-44AF-ACA0-D3E426946798}"
EndProject
Project("{9A19103F-16F7-4668-BE54-9A1E7A4F7556}") = "Soap.PfBase.Tests", "Soap.PfBase.Tests\Soap.PfBase.Tests.csproj", "{B6CE16D8-11A5-4A76-A1F5-FB2941ED6A1B}"
EndProject
Project("{9A19103F-16F7-4668-BE54-9A1E7A4F7556}") = "Soap.NotificationServer", "Soap.NotificationServer\Soap.NotificationServer.csproj", "{5652E3A2-F507-4D98-B606-76B54B1748BD}"
EndProject
Project("{9A19103F-16F7-4668-BE54-9A1E7A4F7556}") = "Soap.PfBase.Models", "Soap.PfBase.Models\Soap.PfBase.Models.csproj", "{FCBCA341-522D-4F0B-82A1-3027483F5D58}"
EndProject
Project("{9A19103F-16F7-4668-BE54-9A1E7A4F7556}") = "Soap.Interfaces.Messages", "Soap.Interfaces.Messages\Soap.Interfaces.Messages.csproj", "{F941B313-662A-4C1A-B1B4-7CF00B3BF81C}"
EndProject
Project("{FAE04EC0-301F-11D3-BF4B-00C04F79EFBC}") = "Soap.Api.Sample.Afs", "Soap.Api.Sample\Soap.Api.Sample.Afs\Soap.Api.Sample.Afs.csproj", "{2D077EB9-03EA-4D50-90FD-8C6F2B775DB5}"
EndProject
Project("{FAE04EC0-301F-11D3-BF4B-00C04F79EFBC}") = "Soap.Auth0", "Soap.Auth0\Soap.Auth0.csproj", "{111A5762-85C0-41BD-ACAA-32ACE1730650}"
EndProject
Project("{FAE04EC0-301F-11D3-BF4B-00C04F79EFBC}") = "Soap.Config", "Soap.Config\Soap.Config.csproj", "{31206509-8B41-4CB8-BD00-7107EBBB0328}"
EndProject
Project("{FAE04EC0-301F-11D3-BF4B-00C04F79EFBC}") = "Soap.Context", "Soap.Context\Soap.Context.csproj", "{73ED2055-F979-411D-B878-5776B182BF60}"
EndProject
Project("{FAE04EC0-301F-11D3-BF4B-00C04F79EFBC}") = "Soap.PfBase.Api", "Soap.PfBase.Api\Soap.PfBase.Api.csproj", "{E6984C51-4153-42D9-8748-95A2ED4E49EB}"
EndProject
Project("{FAE04EC0-301F-11D3-BF4B-00C04F79EFBC}") = "Soap.UnitTests", "Soap.UnitTests\Soap.UnitTests.csproj", "{21C2A709-C370-4DE4-8879-8F20B8FA6572}"
EndProject
Global
	GlobalSection(SolutionConfigurationPlatforms) = preSolution
		Debug|Any CPU = Debug|Any CPU
		Debug|x64 = Debug|x64
		Debug|x86 = Debug|x86
		Release|Any CPU = Release|Any CPU
		Release|x64 = Release|x64
		Release|x86 = Release|x86
	EndGlobalSection
	GlobalSection(ProjectConfigurationPlatforms) = postSolution
		{2DC299E9-04A1-4911-AB92-9989E23C4D53}.Debug|Any CPU.ActiveCfg = Debug|Any CPU
		{2DC299E9-04A1-4911-AB92-9989E23C4D53}.Debug|Any CPU.Build.0 = Debug|Any CPU
		{2DC299E9-04A1-4911-AB92-9989E23C4D53}.Debug|x64.ActiveCfg = Debug|Any CPU
		{2DC299E9-04A1-4911-AB92-9989E23C4D53}.Debug|x64.Build.0 = Debug|Any CPU
		{2DC299E9-04A1-4911-AB92-9989E23C4D53}.Debug|x86.ActiveCfg = Debug|Any CPU
		{2DC299E9-04A1-4911-AB92-9989E23C4D53}.Debug|x86.Build.0 = Debug|Any CPU
		{2DC299E9-04A1-4911-AB92-9989E23C4D53}.Release|Any CPU.ActiveCfg = Release|Any CPU
		{2DC299E9-04A1-4911-AB92-9989E23C4D53}.Release|Any CPU.Build.0 = Release|Any CPU
		{2DC299E9-04A1-4911-AB92-9989E23C4D53}.Release|x64.ActiveCfg = Release|Any CPU
		{2DC299E9-04A1-4911-AB92-9989E23C4D53}.Release|x64.Build.0 = Release|Any CPU
		{2DC299E9-04A1-4911-AB92-9989E23C4D53}.Release|x86.ActiveCfg = Release|Any CPU
		{2DC299E9-04A1-4911-AB92-9989E23C4D53}.Release|x86.Build.0 = Release|Any CPU
		{1B294BC5-AAA5-41ED-BC8A-8965A5A434FC}.Debug|Any CPU.ActiveCfg = Debug|Any CPU
		{1B294BC5-AAA5-41ED-BC8A-8965A5A434FC}.Debug|Any CPU.Build.0 = Debug|Any CPU
		{1B294BC5-AAA5-41ED-BC8A-8965A5A434FC}.Debug|x64.ActiveCfg = Debug|Any CPU
		{1B294BC5-AAA5-41ED-BC8A-8965A5A434FC}.Debug|x64.Build.0 = Debug|Any CPU
		{1B294BC5-AAA5-41ED-BC8A-8965A5A434FC}.Debug|x86.ActiveCfg = Debug|Any CPU
		{1B294BC5-AAA5-41ED-BC8A-8965A5A434FC}.Debug|x86.Build.0 = Debug|Any CPU
		{1B294BC5-AAA5-41ED-BC8A-8965A5A434FC}.Release|Any CPU.ActiveCfg = Release|Any CPU
		{1B294BC5-AAA5-41ED-BC8A-8965A5A434FC}.Release|Any CPU.Build.0 = Release|Any CPU
		{1B294BC5-AAA5-41ED-BC8A-8965A5A434FC}.Release|x64.ActiveCfg = Release|Any CPU
		{1B294BC5-AAA5-41ED-BC8A-8965A5A434FC}.Release|x64.Build.0 = Release|Any CPU
		{1B294BC5-AAA5-41ED-BC8A-8965A5A434FC}.Release|x86.ActiveCfg = Release|Any CPU
		{1B294BC5-AAA5-41ED-BC8A-8965A5A434FC}.Release|x86.Build.0 = Release|Any CPU
		{054930E0-F043-4FCB-8020-1F17EA3C241B}.Debug|Any CPU.ActiveCfg = Debug|Any CPU
		{054930E0-F043-4FCB-8020-1F17EA3C241B}.Debug|Any CPU.Build.0 = Debug|Any CPU
		{054930E0-F043-4FCB-8020-1F17EA3C241B}.Debug|x64.ActiveCfg = Debug|Any CPU
		{054930E0-F043-4FCB-8020-1F17EA3C241B}.Debug|x64.Build.0 = Debug|Any CPU
		{054930E0-F043-4FCB-8020-1F17EA3C241B}.Debug|x86.ActiveCfg = Debug|Any CPU
		{054930E0-F043-4FCB-8020-1F17EA3C241B}.Debug|x86.Build.0 = Debug|Any CPU
		{054930E0-F043-4FCB-8020-1F17EA3C241B}.Release|Any CPU.ActiveCfg = Release|Any CPU
		{054930E0-F043-4FCB-8020-1F17EA3C241B}.Release|Any CPU.Build.0 = Release|Any CPU
		{054930E0-F043-4FCB-8020-1F17EA3C241B}.Release|x64.ActiveCfg = Release|Any CPU
		{054930E0-F043-4FCB-8020-1F17EA3C241B}.Release|x64.Build.0 = Release|Any CPU
		{054930E0-F043-4FCB-8020-1F17EA3C241B}.Release|x86.ActiveCfg = Release|Any CPU
		{054930E0-F043-4FCB-8020-1F17EA3C241B}.Release|x86.Build.0 = Release|Any CPU
		{5099627C-E995-4903-8826-265A29E1D253}.Debug|Any CPU.ActiveCfg = Debug|Any CPU
		{5099627C-E995-4903-8826-265A29E1D253}.Debug|Any CPU.Build.0 = Debug|Any CPU
		{5099627C-E995-4903-8826-265A29E1D253}.Debug|x64.ActiveCfg = Debug|Any CPU
		{5099627C-E995-4903-8826-265A29E1D253}.Debug|x64.Build.0 = Debug|Any CPU
		{5099627C-E995-4903-8826-265A29E1D253}.Debug|x86.ActiveCfg = Debug|Any CPU
		{5099627C-E995-4903-8826-265A29E1D253}.Debug|x86.Build.0 = Debug|Any CPU
		{5099627C-E995-4903-8826-265A29E1D253}.Release|Any CPU.ActiveCfg = Release|Any CPU
		{5099627C-E995-4903-8826-265A29E1D253}.Release|Any CPU.Build.0 = Release|Any CPU
		{5099627C-E995-4903-8826-265A29E1D253}.Release|x64.ActiveCfg = Release|Any CPU
		{5099627C-E995-4903-8826-265A29E1D253}.Release|x64.Build.0 = Release|Any CPU
		{5099627C-E995-4903-8826-265A29E1D253}.Release|x86.ActiveCfg = Release|Any CPU
		{5099627C-E995-4903-8826-265A29E1D253}.Release|x86.Build.0 = Release|Any CPU
		{89721C02-0F77-4133-A3CB-6EA8D220056E}.Debug|Any CPU.ActiveCfg = Debug|Any CPU
		{89721C02-0F77-4133-A3CB-6EA8D220056E}.Debug|Any CPU.Build.0 = Debug|Any CPU
		{89721C02-0F77-4133-A3CB-6EA8D220056E}.Debug|x64.ActiveCfg = Debug|Any CPU
		{89721C02-0F77-4133-A3CB-6EA8D220056E}.Debug|x64.Build.0 = Debug|Any CPU
		{89721C02-0F77-4133-A3CB-6EA8D220056E}.Debug|x86.ActiveCfg = Debug|Any CPU
		{89721C02-0F77-4133-A3CB-6EA8D220056E}.Debug|x86.Build.0 = Debug|Any CPU
		{89721C02-0F77-4133-A3CB-6EA8D220056E}.Release|Any CPU.ActiveCfg = Release|Any CPU
		{89721C02-0F77-4133-A3CB-6EA8D220056E}.Release|Any CPU.Build.0 = Release|Any CPU
		{89721C02-0F77-4133-A3CB-6EA8D220056E}.Release|x64.ActiveCfg = Release|Any CPU
		{89721C02-0F77-4133-A3CB-6EA8D220056E}.Release|x64.Build.0 = Release|Any CPU
		{89721C02-0F77-4133-A3CB-6EA8D220056E}.Release|x86.ActiveCfg = Release|Any CPU
		{89721C02-0F77-4133-A3CB-6EA8D220056E}.Release|x86.Build.0 = Release|Any CPU
		{BD1D7956-A752-4B4B-A74D-E8F7B78E1C53}.Debug|Any CPU.ActiveCfg = Debug|Any CPU
		{BD1D7956-A752-4B4B-A74D-E8F7B78E1C53}.Debug|Any CPU.Build.0 = Debug|Any CPU
		{BD1D7956-A752-4B4B-A74D-E8F7B78E1C53}.Debug|x64.ActiveCfg = Debug|Any CPU
		{BD1D7956-A752-4B4B-A74D-E8F7B78E1C53}.Debug|x64.Build.0 = Debug|Any CPU
		{BD1D7956-A752-4B4B-A74D-E8F7B78E1C53}.Debug|x86.ActiveCfg = Debug|Any CPU
		{BD1D7956-A752-4B4B-A74D-E8F7B78E1C53}.Debug|x86.Build.0 = Debug|Any CPU
		{BD1D7956-A752-4B4B-A74D-E8F7B78E1C53}.Release|Any CPU.ActiveCfg = Release|Any CPU
		{BD1D7956-A752-4B4B-A74D-E8F7B78E1C53}.Release|Any CPU.Build.0 = Release|Any CPU
		{BD1D7956-A752-4B4B-A74D-E8F7B78E1C53}.Release|x64.ActiveCfg = Release|Any CPU
		{BD1D7956-A752-4B4B-A74D-E8F7B78E1C53}.Release|x64.Build.0 = Release|Any CPU
		{BD1D7956-A752-4B4B-A74D-E8F7B78E1C53}.Release|x86.ActiveCfg = Release|Any CPU
		{BD1D7956-A752-4B4B-A74D-E8F7B78E1C53}.Release|x86.Build.0 = Release|Any CPU
		{D6CF805D-1510-4763-8B87-45E399FD13A0}.Debug|Any CPU.ActiveCfg = Debug|Any CPU
		{D6CF805D-1510-4763-8B87-45E399FD13A0}.Debug|Any CPU.Build.0 = Debug|Any CPU
		{D6CF805D-1510-4763-8B87-45E399FD13A0}.Debug|x64.ActiveCfg = Debug|Any CPU
		{D6CF805D-1510-4763-8B87-45E399FD13A0}.Debug|x64.Build.0 = Debug|Any CPU
		{D6CF805D-1510-4763-8B87-45E399FD13A0}.Debug|x86.ActiveCfg = Debug|Any CPU
		{D6CF805D-1510-4763-8B87-45E399FD13A0}.Debug|x86.Build.0 = Debug|Any CPU
		{D6CF805D-1510-4763-8B87-45E399FD13A0}.Release|Any CPU.ActiveCfg = Release|Any CPU
		{D6CF805D-1510-4763-8B87-45E399FD13A0}.Release|Any CPU.Build.0 = Release|Any CPU
		{D6CF805D-1510-4763-8B87-45E399FD13A0}.Release|x64.ActiveCfg = Release|Any CPU
		{D6CF805D-1510-4763-8B87-45E399FD13A0}.Release|x64.Build.0 = Release|Any CPU
		{D6CF805D-1510-4763-8B87-45E399FD13A0}.Release|x86.ActiveCfg = Release|Any CPU
		{D6CF805D-1510-4763-8B87-45E399FD13A0}.Release|x86.Build.0 = Release|Any CPU
		{4DCEE9CB-43E1-4721-9CB3-74B8F7917C39}.Debug|Any CPU.ActiveCfg = Debug|Any CPU
		{4DCEE9CB-43E1-4721-9CB3-74B8F7917C39}.Debug|Any CPU.Build.0 = Debug|Any CPU
		{4DCEE9CB-43E1-4721-9CB3-74B8F7917C39}.Debug|x64.ActiveCfg = Debug|Any CPU
		{4DCEE9CB-43E1-4721-9CB3-74B8F7917C39}.Debug|x64.Build.0 = Debug|Any CPU
		{4DCEE9CB-43E1-4721-9CB3-74B8F7917C39}.Debug|x86.ActiveCfg = Debug|Any CPU
		{4DCEE9CB-43E1-4721-9CB3-74B8F7917C39}.Debug|x86.Build.0 = Debug|Any CPU
		{4DCEE9CB-43E1-4721-9CB3-74B8F7917C39}.Release|Any CPU.ActiveCfg = Release|Any CPU
		{4DCEE9CB-43E1-4721-9CB3-74B8F7917C39}.Release|Any CPU.Build.0 = Release|Any CPU
		{4DCEE9CB-43E1-4721-9CB3-74B8F7917C39}.Release|x64.ActiveCfg = Release|Any CPU
		{4DCEE9CB-43E1-4721-9CB3-74B8F7917C39}.Release|x64.Build.0 = Release|Any CPU
		{4DCEE9CB-43E1-4721-9CB3-74B8F7917C39}.Release|x86.ActiveCfg = Release|Any CPU
		{4DCEE9CB-43E1-4721-9CB3-74B8F7917C39}.Release|x86.Build.0 = Release|Any CPU
		{48E8BA9D-DD22-4FB1-B894-0D5D32A2FBB9}.Debug|Any CPU.ActiveCfg = Debug|Any CPU
		{48E8BA9D-DD22-4FB1-B894-0D5D32A2FBB9}.Debug|Any CPU.Build.0 = Debug|Any CPU
		{48E8BA9D-DD22-4FB1-B894-0D5D32A2FBB9}.Debug|x64.ActiveCfg = Debug|Any CPU
		{48E8BA9D-DD22-4FB1-B894-0D5D32A2FBB9}.Debug|x64.Build.0 = Debug|Any CPU
		{48E8BA9D-DD22-4FB1-B894-0D5D32A2FBB9}.Debug|x86.ActiveCfg = Debug|Any CPU
		{48E8BA9D-DD22-4FB1-B894-0D5D32A2FBB9}.Debug|x86.Build.0 = Debug|Any CPU
		{48E8BA9D-DD22-4FB1-B894-0D5D32A2FBB9}.Release|Any CPU.ActiveCfg = Release|Any CPU
		{48E8BA9D-DD22-4FB1-B894-0D5D32A2FBB9}.Release|Any CPU.Build.0 = Release|Any CPU
		{48E8BA9D-DD22-4FB1-B894-0D5D32A2FBB9}.Release|x64.ActiveCfg = Release|Any CPU
		{48E8BA9D-DD22-4FB1-B894-0D5D32A2FBB9}.Release|x64.Build.0 = Release|Any CPU
		{48E8BA9D-DD22-4FB1-B894-0D5D32A2FBB9}.Release|x86.ActiveCfg = Release|Any CPU
		{48E8BA9D-DD22-4FB1-B894-0D5D32A2FBB9}.Release|x86.Build.0 = Release|Any CPU
		{FDA9799C-D830-4A77-9835-4F81F31943F4}.Debug|Any CPU.ActiveCfg = Debug|Any CPU
		{FDA9799C-D830-4A77-9835-4F81F31943F4}.Debug|Any CPU.Build.0 = Debug|Any CPU
		{FDA9799C-D830-4A77-9835-4F81F31943F4}.Debug|x64.ActiveCfg = Debug|Any CPU
		{FDA9799C-D830-4A77-9835-4F81F31943F4}.Debug|x64.Build.0 = Debug|Any CPU
		{FDA9799C-D830-4A77-9835-4F81F31943F4}.Debug|x86.ActiveCfg = Debug|Any CPU
		{FDA9799C-D830-4A77-9835-4F81F31943F4}.Debug|x86.Build.0 = Debug|Any CPU
		{FDA9799C-D830-4A77-9835-4F81F31943F4}.Release|Any CPU.ActiveCfg = Release|Any CPU
		{FDA9799C-D830-4A77-9835-4F81F31943F4}.Release|Any CPU.Build.0 = Release|Any CPU
		{FDA9799C-D830-4A77-9835-4F81F31943F4}.Release|x64.ActiveCfg = Release|Any CPU
		{FDA9799C-D830-4A77-9835-4F81F31943F4}.Release|x64.Build.0 = Release|Any CPU
		{FDA9799C-D830-4A77-9835-4F81F31943F4}.Release|x86.ActiveCfg = Release|Any CPU
		{FDA9799C-D830-4A77-9835-4F81F31943F4}.Release|x86.Build.0 = Release|Any CPU
		{B35F3016-E4CE-44AF-ACA0-D3E426946798}.Debug|Any CPU.ActiveCfg = Debug|Any CPU
		{B35F3016-E4CE-44AF-ACA0-D3E426946798}.Debug|Any CPU.Build.0 = Debug|Any CPU
		{B35F3016-E4CE-44AF-ACA0-D3E426946798}.Debug|x64.ActiveCfg = Debug|Any CPU
		{B35F3016-E4CE-44AF-ACA0-D3E426946798}.Debug|x64.Build.0 = Debug|Any CPU
		{B35F3016-E4CE-44AF-ACA0-D3E426946798}.Debug|x86.ActiveCfg = Debug|Any CPU
		{B35F3016-E4CE-44AF-ACA0-D3E426946798}.Debug|x86.Build.0 = Debug|Any CPU
		{B35F3016-E4CE-44AF-ACA0-D3E426946798}.Release|Any CPU.ActiveCfg = Release|Any CPU
		{B35F3016-E4CE-44AF-ACA0-D3E426946798}.Release|Any CPU.Build.0 = Release|Any CPU
		{B35F3016-E4CE-44AF-ACA0-D3E426946798}.Release|x64.ActiveCfg = Release|Any CPU
		{B35F3016-E4CE-44AF-ACA0-D3E426946798}.Release|x64.Build.0 = Release|Any CPU
		{B35F3016-E4CE-44AF-ACA0-D3E426946798}.Release|x86.ActiveCfg = Release|Any CPU
		{B35F3016-E4CE-44AF-ACA0-D3E426946798}.Release|x86.Build.0 = Release|Any CPU
		{B6CE16D8-11A5-4A76-A1F5-FB2941ED6A1B}.Debug|Any CPU.ActiveCfg = Debug|Any CPU
		{B6CE16D8-11A5-4A76-A1F5-FB2941ED6A1B}.Debug|Any CPU.Build.0 = Debug|Any CPU
		{B6CE16D8-11A5-4A76-A1F5-FB2941ED6A1B}.Debug|x64.ActiveCfg = Debug|Any CPU
		{B6CE16D8-11A5-4A76-A1F5-FB2941ED6A1B}.Debug|x64.Build.0 = Debug|Any CPU
		{B6CE16D8-11A5-4A76-A1F5-FB2941ED6A1B}.Debug|x86.ActiveCfg = Debug|Any CPU
		{B6CE16D8-11A5-4A76-A1F5-FB2941ED6A1B}.Debug|x86.Build.0 = Debug|Any CPU
		{B6CE16D8-11A5-4A76-A1F5-FB2941ED6A1B}.Release|Any CPU.ActiveCfg = Release|Any CPU
		{B6CE16D8-11A5-4A76-A1F5-FB2941ED6A1B}.Release|Any CPU.Build.0 = Release|Any CPU
		{B6CE16D8-11A5-4A76-A1F5-FB2941ED6A1B}.Release|x64.ActiveCfg = Release|Any CPU
		{B6CE16D8-11A5-4A76-A1F5-FB2941ED6A1B}.Release|x64.Build.0 = Release|Any CPU
		{B6CE16D8-11A5-4A76-A1F5-FB2941ED6A1B}.Release|x86.ActiveCfg = Release|Any CPU
		{B6CE16D8-11A5-4A76-A1F5-FB2941ED6A1B}.Release|x86.Build.0 = Release|Any CPU
		{5652E3A2-F507-4D98-B606-76B54B1748BD}.Debug|Any CPU.ActiveCfg = Debug|Any CPU
		{5652E3A2-F507-4D98-B606-76B54B1748BD}.Debug|Any CPU.Build.0 = Debug|Any CPU
		{5652E3A2-F507-4D98-B606-76B54B1748BD}.Debug|x64.ActiveCfg = Debug|Any CPU
		{5652E3A2-F507-4D98-B606-76B54B1748BD}.Debug|x64.Build.0 = Debug|Any CPU
		{5652E3A2-F507-4D98-B606-76B54B1748BD}.Debug|x86.ActiveCfg = Debug|Any CPU
		{5652E3A2-F507-4D98-B606-76B54B1748BD}.Debug|x86.Build.0 = Debug|Any CPU
		{5652E3A2-F507-4D98-B606-76B54B1748BD}.Release|Any CPU.ActiveCfg = Release|Any CPU
		{5652E3A2-F507-4D98-B606-76B54B1748BD}.Release|Any CPU.Build.0 = Release|Any CPU
		{5652E3A2-F507-4D98-B606-76B54B1748BD}.Release|x64.ActiveCfg = Release|Any CPU
		{5652E3A2-F507-4D98-B606-76B54B1748BD}.Release|x64.Build.0 = Release|Any CPU
		{5652E3A2-F507-4D98-B606-76B54B1748BD}.Release|x86.ActiveCfg = Release|Any CPU
		{5652E3A2-F507-4D98-B606-76B54B1748BD}.Release|x86.Build.0 = Release|Any CPU
		{FCBCA341-522D-4F0B-82A1-3027483F5D58}.Debug|Any CPU.ActiveCfg = Debug|Any CPU
		{FCBCA341-522D-4F0B-82A1-3027483F5D58}.Debug|Any CPU.Build.0 = Debug|Any CPU
		{FCBCA341-522D-4F0B-82A1-3027483F5D58}.Debug|x64.ActiveCfg = Debug|Any CPU
		{FCBCA341-522D-4F0B-82A1-3027483F5D58}.Debug|x64.Build.0 = Debug|Any CPU
		{FCBCA341-522D-4F0B-82A1-3027483F5D58}.Debug|x86.ActiveCfg = Debug|Any CPU
		{FCBCA341-522D-4F0B-82A1-3027483F5D58}.Debug|x86.Build.0 = Debug|Any CPU
		{FCBCA341-522D-4F0B-82A1-3027483F5D58}.Release|Any CPU.ActiveCfg = Release|Any CPU
		{FCBCA341-522D-4F0B-82A1-3027483F5D58}.Release|Any CPU.Build.0 = Release|Any CPU
		{FCBCA341-522D-4F0B-82A1-3027483F5D58}.Release|x64.ActiveCfg = Release|Any CPU
		{FCBCA341-522D-4F0B-82A1-3027483F5D58}.Release|x64.Build.0 = Release|Any CPU
		{FCBCA341-522D-4F0B-82A1-3027483F5D58}.Release|x86.ActiveCfg = Release|Any CPU
		{FCBCA341-522D-4F0B-82A1-3027483F5D58}.Release|x86.Build.0 = Release|Any CPU
		{F941B313-662A-4C1A-B1B4-7CF00B3BF81C}.Debug|Any CPU.ActiveCfg = Debug|Any CPU
		{F941B313-662A-4C1A-B1B4-7CF00B3BF81C}.Debug|Any CPU.Build.0 = Debug|Any CPU
		{F941B313-662A-4C1A-B1B4-7CF00B3BF81C}.Debug|x64.ActiveCfg = Debug|Any CPU
		{F941B313-662A-4C1A-B1B4-7CF00B3BF81C}.Debug|x64.Build.0 = Debug|Any CPU
		{F941B313-662A-4C1A-B1B4-7CF00B3BF81C}.Debug|x86.ActiveCfg = Debug|Any CPU
		{F941B313-662A-4C1A-B1B4-7CF00B3BF81C}.Debug|x86.Build.0 = Debug|Any CPU
		{F941B313-662A-4C1A-B1B4-7CF00B3BF81C}.Release|Any CPU.ActiveCfg = Release|Any CPU
		{F941B313-662A-4C1A-B1B4-7CF00B3BF81C}.Release|Any CPU.Build.0 = Release|Any CPU
		{F941B313-662A-4C1A-B1B4-7CF00B3BF81C}.Release|x64.ActiveCfg = Release|Any CPU
		{F941B313-662A-4C1A-B1B4-7CF00B3BF81C}.Release|x64.Build.0 = Release|Any CPU
		{F941B313-662A-4C1A-B1B4-7CF00B3BF81C}.Release|x86.ActiveCfg = Release|Any CPU
		{F941B313-662A-4C1A-B1B4-7CF00B3BF81C}.Release|x86.Build.0 = Release|Any CPU
		{2D077EB9-03EA-4D50-90FD-8C6F2B775DB5}.Debug|Any CPU.ActiveCfg = Debug|Any CPU
		{2D077EB9-03EA-4D50-90FD-8C6F2B775DB5}.Debug|Any CPU.Build.0 = Debug|Any CPU
		{2D077EB9-03EA-4D50-90FD-8C6F2B775DB5}.Debug|x64.ActiveCfg = Debug|Any CPU
		{2D077EB9-03EA-4D50-90FD-8C6F2B775DB5}.Debug|x64.Build.0 = Debug|Any CPU
		{2D077EB9-03EA-4D50-90FD-8C6F2B775DB5}.Debug|x86.ActiveCfg = Debug|Any CPU
		{2D077EB9-03EA-4D50-90FD-8C6F2B775DB5}.Debug|x86.Build.0 = Debug|Any CPU
		{2D077EB9-03EA-4D50-90FD-8C6F2B775DB5}.Release|Any CPU.ActiveCfg = Release|Any CPU
		{2D077EB9-03EA-4D50-90FD-8C6F2B775DB5}.Release|Any CPU.Build.0 = Release|Any CPU
		{2D077EB9-03EA-4D50-90FD-8C6F2B775DB5}.Release|x64.ActiveCfg = Release|Any CPU
		{2D077EB9-03EA-4D50-90FD-8C6F2B775DB5}.Release|x64.Build.0 = Release|Any CPU
		{2D077EB9-03EA-4D50-90FD-8C6F2B775DB5}.Release|x86.ActiveCfg = Release|Any CPU
		{2D077EB9-03EA-4D50-90FD-8C6F2B775DB5}.Release|x86.Build.0 = Release|Any CPU
		{111A5762-85C0-41BD-ACAA-32ACE1730650}.Debug|Any CPU.ActiveCfg = Debug|Any CPU
		{111A5762-85C0-41BD-ACAA-32ACE1730650}.Debug|Any CPU.Build.0 = Debug|Any CPU
		{111A5762-85C0-41BD-ACAA-32ACE1730650}.Debug|x64.ActiveCfg = Debug|Any CPU
		{111A5762-85C0-41BD-ACAA-32ACE1730650}.Debug|x64.Build.0 = Debug|Any CPU
		{111A5762-85C0-41BD-ACAA-32ACE1730650}.Debug|x86.ActiveCfg = Debug|Any CPU
		{111A5762-85C0-41BD-ACAA-32ACE1730650}.Debug|x86.Build.0 = Debug|Any CPU
		{111A5762-85C0-41BD-ACAA-32ACE1730650}.Release|Any CPU.ActiveCfg = Release|Any CPU
		{111A5762-85C0-41BD-ACAA-32ACE1730650}.Release|Any CPU.Build.0 = Release|Any CPU
		{111A5762-85C0-41BD-ACAA-32ACE1730650}.Release|x64.ActiveCfg = Release|Any CPU
		{111A5762-85C0-41BD-ACAA-32ACE1730650}.Release|x64.Build.0 = Release|Any CPU
		{111A5762-85C0-41BD-ACAA-32ACE1730650}.Release|x86.ActiveCfg = Release|Any CPU
		{111A5762-85C0-41BD-ACAA-32ACE1730650}.Release|x86.Build.0 = Release|Any CPU
		{31206509-8B41-4CB8-BD00-7107EBBB0328}.Debug|Any CPU.ActiveCfg = Debug|Any CPU
		{31206509-8B41-4CB8-BD00-7107EBBB0328}.Debug|Any CPU.Build.0 = Debug|Any CPU
		{31206509-8B41-4CB8-BD00-7107EBBB0328}.Debug|x64.ActiveCfg = Debug|Any CPU
		{31206509-8B41-4CB8-BD00-7107EBBB0328}.Debug|x64.Build.0 = Debug|Any CPU
		{31206509-8B41-4CB8-BD00-7107EBBB0328}.Debug|x86.ActiveCfg = Debug|Any CPU
		{31206509-8B41-4CB8-BD00-7107EBBB0328}.Debug|x86.Build.0 = Debug|Any CPU
		{31206509-8B41-4CB8-BD00-7107EBBB0328}.Release|Any CPU.ActiveCfg = Release|Any CPU
		{31206509-8B41-4CB8-BD00-7107EBBB0328}.Release|Any CPU.Build.0 = Release|Any CPU
		{31206509-8B41-4CB8-BD00-7107EBBB0328}.Release|x64.ActiveCfg = Release|Any CPU
		{31206509-8B41-4CB8-BD00-7107EBBB0328}.Release|x64.Build.0 = Release|Any CPU
		{31206509-8B41-4CB8-BD00-7107EBBB0328}.Release|x86.ActiveCfg = Release|Any CPU
		{31206509-8B41-4CB8-BD00-7107EBBB0328}.Release|x86.Build.0 = Release|Any CPU
		{73ED2055-F979-411D-B878-5776B182BF60}.Debug|Any CPU.ActiveCfg = Debug|Any CPU
		{73ED2055-F979-411D-B878-5776B182BF60}.Debug|Any CPU.Build.0 = Debug|Any CPU
		{73ED2055-F979-411D-B878-5776B182BF60}.Debug|x64.ActiveCfg = Debug|Any CPU
		{73ED2055-F979-411D-B878-5776B182BF60}.Debug|x64.Build.0 = Debug|Any CPU
		{73ED2055-F979-411D-B878-5776B182BF60}.Debug|x86.ActiveCfg = Debug|Any CPU
		{73ED2055-F979-411D-B878-5776B182BF60}.Debug|x86.Build.0 = Debug|Any CPU
		{73ED2055-F979-411D-B878-5776B182BF60}.Release|Any CPU.ActiveCfg = Release|Any CPU
		{73ED2055-F979-411D-B878-5776B182BF60}.Release|Any CPU.Build.0 = Release|Any CPU
		{73ED2055-F979-411D-B878-5776B182BF60}.Release|x64.ActiveCfg = Release|Any CPU
		{73ED2055-F979-411D-B878-5776B182BF60}.Release|x64.Build.0 = Release|Any CPU
		{73ED2055-F979-411D-B878-5776B182BF60}.Release|x86.ActiveCfg = Release|Any CPU
		{73ED2055-F979-411D-B878-5776B182BF60}.Release|x86.Build.0 = Release|Any CPU
		{E6984C51-4153-42D9-8748-95A2ED4E49EB}.Debug|Any CPU.ActiveCfg = Debug|Any CPU
		{E6984C51-4153-42D9-8748-95A2ED4E49EB}.Debug|Any CPU.Build.0 = Debug|Any CPU
		{E6984C51-4153-42D9-8748-95A2ED4E49EB}.Debug|x64.ActiveCfg = Debug|Any CPU
		{E6984C51-4153-42D9-8748-95A2ED4E49EB}.Debug|x64.Build.0 = Debug|Any CPU
		{E6984C51-4153-42D9-8748-95A2ED4E49EB}.Debug|x86.ActiveCfg = Debug|Any CPU
		{E6984C51-4153-42D9-8748-95A2ED4E49EB}.Debug|x86.Build.0 = Debug|Any CPU
		{E6984C51-4153-42D9-8748-95A2ED4E49EB}.Release|Any CPU.ActiveCfg = Release|Any CPU
		{E6984C51-4153-42D9-8748-95A2ED4E49EB}.Release|Any CPU.Build.0 = Release|Any CPU
		{E6984C51-4153-42D9-8748-95A2ED4E49EB}.Release|x64.ActiveCfg = Release|Any CPU
		{E6984C51-4153-42D9-8748-95A2ED4E49EB}.Release|x64.Build.0 = Release|Any CPU
		{E6984C51-4153-42D9-8748-95A2ED4E49EB}.Release|x86.ActiveCfg = Release|Any CPU
		{E6984C51-4153-42D9-8748-95A2ED4E49EB}.Release|x86.Build.0 = Release|Any CPU
		{21C2A709-C370-4DE4-8879-8F20B8FA6572}.Debug|Any CPU.ActiveCfg = Debug|Any CPU
		{21C2A709-C370-4DE4-8879-8F20B8FA6572}.Debug|Any CPU.Build.0 = Debug|Any CPU
		{21C2A709-C370-4DE4-8879-8F20B8FA6572}.Debug|x64.ActiveCfg = Debug|Any CPU
		{21C2A709-C370-4DE4-8879-8F20B8FA6572}.Debug|x64.Build.0 = Debug|Any CPU
		{21C2A709-C370-4DE4-8879-8F20B8FA6572}.Debug|x86.ActiveCfg = Debug|Any CPU
		{21C2A709-C370-4DE4-8879-8F20B8FA6572}.Debug|x86.Build.0 = Debug|Any CPU
		{21C2A709-C370-4DE4-8879-8F20B8FA6572}.Release|Any CPU.ActiveCfg = Release|Any CPU
		{21C2A709-C370-4DE4-8879-8F20B8FA6572}.Release|Any CPU.Build.0 = Release|Any CPU
		{21C2A709-C370-4DE4-8879-8F20B8FA6572}.Release|x64.ActiveCfg = Release|Any CPU
		{21C2A709-C370-4DE4-8879-8F20B8FA6572}.Release|x64.Build.0 = Release|Any CPU
		{21C2A709-C370-4DE4-8879-8F20B8FA6572}.Release|x86.ActiveCfg = Release|Any CPU
		{21C2A709-C370-4DE4-8879-8F20B8FA6572}.Release|x86.Build.0 = Release|Any CPU
	EndGlobalSection
	GlobalSection(SolutionProperties) = preSolution
		HideSolutionNode = FALSE
	EndGlobalSection
	GlobalSection(NestedProjects) = preSolution
		{2DC299E9-04A1-4911-AB92-9989E23C4D53} = {1876CD2C-FF33-46A8-9AD3-8A19CBDEF5CB}
		{1B294BC5-AAA5-41ED-BC8A-8965A5A434FC} = {1876CD2C-FF33-46A8-9AD3-8A19CBDEF5CB}
		{054930E0-F043-4FCB-8020-1F17EA3C241B} = {77043A66-EA76-40E2-8AD2-0ABD2A1AC592}
		{5099627C-E995-4903-8826-265A29E1D253} = {77043A66-EA76-40E2-8AD2-0ABD2A1AC592}
		{89721C02-0F77-4133-A3CB-6EA8D220056E} = {77043A66-EA76-40E2-8AD2-0ABD2A1AC592}
		{BD1D7956-A752-4B4B-A74D-E8F7B78E1C53} = {77043A66-EA76-40E2-8AD2-0ABD2A1AC592}
		{D6CF805D-1510-4763-8B87-45E399FD13A0} = {77043A66-EA76-40E2-8AD2-0ABD2A1AC592}
		{4DCEE9CB-43E1-4721-9CB3-74B8F7917C39} = {1876CD2C-FF33-46A8-9AD3-8A19CBDEF5CB}
		{48E8BA9D-DD22-4FB1-B894-0D5D32A2FBB9} = {1876CD2C-FF33-46A8-9AD3-8A19CBDEF5CB}
		{FDA9799C-D830-4A77-9835-4F81F31943F4} = {1876CD2C-FF33-46A8-9AD3-8A19CBDEF5CB}
		{B35F3016-E4CE-44AF-ACA0-D3E426946798} = {1876CD2C-FF33-46A8-9AD3-8A19CBDEF5CB}
		{B6CE16D8-11A5-4A76-A1F5-FB2941ED6A1B} = {1876CD2C-FF33-46A8-9AD3-8A19CBDEF5CB}
		{5652E3A2-F507-4D98-B606-76B54B1748BD} = {1876CD2C-FF33-46A8-9AD3-8A19CBDEF5CB}
		{FCBCA341-522D-4F0B-82A1-3027483F5D58} = {1876CD2C-FF33-46A8-9AD3-8A19CBDEF5CB}
		{F941B313-662A-4C1A-B1B4-7CF00B3BF81C} = {1876CD2C-FF33-46A8-9AD3-8A19CBDEF5CB}
		{2D077EB9-03EA-4D50-90FD-8C6F2B775DB5} = {77043A66-EA76-40E2-8AD2-0ABD2A1AC592}
		{111A5762-85C0-41BD-ACAA-32ACE1730650} = {1876CD2C-FF33-46A8-9AD3-8A19CBDEF5CB}
		{31206509-8B41-4CB8-BD00-7107EBBB0328} = {1876CD2C-FF33-46A8-9AD3-8A19CBDEF5CB}
		{73ED2055-F979-411D-B878-5776B182BF60} = {1876CD2C-FF33-46A8-9AD3-8A19CBDEF5CB}
		{E6984C51-4153-42D9-8748-95A2ED4E49EB} = {1876CD2C-FF33-46A8-9AD3-8A19CBDEF5CB}
	EndGlobalSection
	GlobalSection(ExtensibilityGlobals) = postSolution
		SolutionGuid = {2E270405-DA3C-4A1A-826A-F993DF136CAA}
	EndGlobalSection
EndGlobal
